
Microsoft Visual Studio Solution File, Format Version 12.00
# Visual Studio Version 17
VisualStudioVersion = 17.10.35013.160
MinimumVisualStudioVersion = 10.0.40219.1
Project("{FAE04EC0-301F-11D3-BF4B-00C04F79EFBC}") = "AlunosApi", "AlunosApi\AlunosApi.csproj", "{98F97402-5CD1-425A-827A-21FB5ADC9626}"
EndProject
Global
	GlobalSection(SolutionConfigurationPlatforms) = preSolution
		Debug|Any CPU = Debug|Any CPU
		Release|Any CPU = Release|Any CPU
	EndGlobalSection
	GlobalSection(ProjectConfigurationPlatforms) = postSolution
		{98F97402-5CD1-425A-827A-21FB5ADC9626}.Debug|Any CPU.ActiveCfg = Debug|Any CPU
		{98F97402-5CD1-425A-827A-21FB5ADC9626}.Debug|Any CPU.Build.0 = Debug|Any CPU
		{98F97402-5CD1-425A-827A-21FB5ADC9626}.Release|Any CPU.ActiveCfg = Release|Any CPU
		{98F97402-5CD1-425A-827A-21FB5ADC9626}.Release|Any CPU.Build.0 = Release|Any CPU
	EndGlobalSection
	GlobalSection(SolutionProperties) = preSolution
		HideSolutionNode = FALSE
	EndGlobalSection
	GlobalSection(ExtensibilityGlobals) = postSolution
		SolutionGuid = {097E092E-707C-4F0C-A251-E3085AE1B943}
	EndGlobalSection
EndGlobal
